// !$*UTF8*$!
{
	archiveVersion = 1;
	classes = {
	};
	objectVersion = 48;
	objects = {

/* Begin PBXBuildFile section */
		1ABDE9832071BE0900638A16 /* AppDelegate.m in Sources */ = {isa = PBXBuildFile; fileRef = 1ABDE9822071BE0900638A16 /* AppDelegate.m */; };
		1ABDE9862071BE0A00638A16 /* ViewController.m in Sources */ = {isa = PBXBuildFile; fileRef = 1ABDE9852071BE0A00638A16 /* ViewController.m */; };
		1ABDE9892071BE0A00638A16 /* Main.storyboard in Resources */ = {isa = PBXBuildFile; fileRef = 1ABDE9872071BE0A00638A16 /* Main.storyboard */; };
		1ABDE98B2071BE0A00638A16 /* Assets.xcassets in Resources */ = {isa = PBXBuildFile; fileRef = 1ABDE98A2071BE0A00638A16 /* Assets.xcassets */; };
		1ABDE98E2071BE0A00638A16 /* LaunchScreen.storyboard in Resources */ = {isa = PBXBuildFile; fileRef = 1ABDE98C2071BE0A00638A16 /* LaunchScreen.storyboard */; };
		1ABDE9912071BE0A00638A16 /* main.m in Sources */ = {isa = PBXBuildFile; fileRef = 1ABDE9902071BE0A00638A16 /* main.m */; };
		1ABDE99B2071BE0A00638A16 /* XQProjectToolTests.m in Sources */ = {isa = PBXBuildFile; fileRef = 1ABDE99A2071BE0A00638A16 /* XQProjectToolTests.m */; };
		1ABDE9A62071BE0A00638A16 /* XQProjectToolUITests.m in Sources */ = {isa = PBXBuildFile; fileRef = 1ABDE9A52071BE0A00638A16 /* XQProjectToolUITests.m */; };
		1AD68F6A20C68075001949D1 /* 1.jpg in Resources */ = {isa = PBXBuildFile; fileRef = 1AD68F6920C68075001949D1 /* 1.jpg */; };
		9627470FA4D7D964C980363C /* Pods_XQProjectTool.framework in Frameworks */ = {isa = PBXBuildFile; fileRef = E27E9247189B89183582694E /* Pods_XQProjectTool.framework */; };
		A4DBB8F421E49D1E00D53F5A /* UITextField+Keyboard.m in Sources */ = {isa = PBXBuildFile; fileRef = A4DBB86C21E49D1E00D53F5A /* UITextField+Keyboard.m */; };
		A4DBB8F521E49D1E00D53F5A /* UILabel+XQAtt.m in Sources */ = {isa = PBXBuildFile; fileRef = A4DBB86F21E49D1E00D53F5A /* UILabel+XQAtt.m */; };
		A4DBB8F621E49D1E00D53F5A /* UIImage+SubImage.m in Sources */ = {isa = PBXBuildFile; fileRef = A4DBB87121E49D1E00D53F5A /* UIImage+SubImage.m */; };
		A4DBB8F721E49D1E00D53F5A /* UIImage+Gif.m in Sources */ = {isa = PBXBuildFile; fileRef = A4DBB87521E49D1E00D53F5A /* UIImage+Gif.m */; };
		A4DBB8F821E49D1E00D53F5A /* UIImage+Corner.m in Sources */ = {isa = PBXBuildFile; fileRef = A4DBB87821E49D1E00D53F5A /* UIImage+Corner.m */; };
		A4DBB8F921E49D1E00D53F5A /* UIImage+Rotate.m in Sources */ = {isa = PBXBuildFile; fileRef = A4DBB87921E49D1E00D53F5A /* UIImage+Rotate.m */; };
		A4DBB8FA21E49D1E00D53F5A /* UIImage+Color.m in Sources */ = {isa = PBXBuildFile; fileRef = A4DBB87A21E49D1E00D53F5A /* UIImage+Color.m */; };
		A4DBB8FB21E49D1E00D53F5A /* UIImage+CreateQRCode.m in Sources */ = {isa = PBXBuildFile; fileRef = A4DBB87B21E49D1E00D53F5A /* UIImage+CreateQRCode.m */; };
		A4DBB8FC21E49D1E00D53F5A /* UIView+ColorProgress.m in Sources */ = {isa = PBXBuildFile; fileRef = A4DBB87E21E49D1E00D53F5A /* UIView+ColorProgress.m */; };
		A4DBB8FD21E49D1E00D53F5A /* UIView+XQLine.m in Sources */ = {isa = PBXBuildFile; fileRef = A4DBB87F21E49D1E00D53F5A /* UIView+XQLine.m */; };
		A4DBB8FE21E49D1E00D53F5A /* XQSpreadView.m in Sources */ = {isa = PBXBuildFile; fileRef = A4DBB88321E49D1E00D53F5A /* XQSpreadView.m */; };
		A4DBB8FF21E49D1E00D53F5A /* XQInputPasswordView.m in Sources */ = {isa = PBXBuildFile; fileRef = A4DBB88721E49D1E00D53F5A /* XQInputPasswordView.m */; };
		A4DBB90021E49D1E00D53F5A /* XQCustomSheetAlertView.m in Sources */ = {isa = PBXBuildFile; fileRef = A4DBB88A21E49D1E00D53F5A /* XQCustomSheetAlertView.m */; };
		A4DBB90121E49D1E00D53F5A /* XQCustomAlertView.m in Sources */ = {isa = PBXBuildFile; fileRef = A4DBB88C21E49D1E00D53F5A /* XQCustomAlertView.m */; };
		A4DBB90221E49D1E00D53F5A /* XQCustomSheetAlertViewCell.m in Sources */ = {isa = PBXBuildFile; fileRef = A4DBB89021E49D1E00D53F5A /* XQCustomSheetAlertViewCell.m */; };
		A4DBB90321E49D1E00D53F5A /* XQCustomSheetAlertViewCell.xib in Resources */ = {isa = PBXBuildFile; fileRef = A4DBB89121E49D1E00D53F5A /* XQCustomSheetAlertViewCell.xib */; };
		A4DBB90421E49D1E00D53F5A /* XQCustomSheetAlertTopView.m in Sources */ = {isa = PBXBuildFile; fileRef = A4DBB89221E49D1E00D53F5A /* XQCustomSheetAlertTopView.m */; };
		A4DBB90521E49D1E00D53F5A /* XQCustomAlertView.xib in Resources */ = {isa = PBXBuildFile; fileRef = A4DBB89421E49D1E00D53F5A /* XQCustomAlertView.xib */; };
		A4DBB90621E49D1E00D53F5A /* XQCustomSheetAlertFooterView.m in Sources */ = {isa = PBXBuildFile; fileRef = A4DBB89521E49D1E00D53F5A /* XQCustomSheetAlertFooterView.m */; };
		A4DBB90721E49D1E00D53F5A /* UINavigationBar+ChangeBackColor.m in Sources */ = {isa = PBXBuildFile; fileRef = A4DBB89921E49D1E00D53F5A /* UINavigationBar+ChangeBackColor.m */; };
		A4DBB90821E49D1E00D53F5A /* XQSuspensionView.m in Sources */ = {isa = PBXBuildFile; fileRef = A4DBB89C21E49D1E00D53F5A /* XQSuspensionView.m */; };
		A4DBB90921E49D1E00D53F5A /* XQSuspensionViewTool.m in Sources */ = {isa = PBXBuildFile; fileRef = A4DBB89D21E49D1E00D53F5A /* XQSuspensionViewTool.m */; };
		A4DBB90A21E49D1E00D53F5A /* XQSystemCameraManager.m in Sources */ = {isa = PBXBuildFile; fileRef = A4DBB8A121E49D1E00D53F5A /* XQSystemCameraManager.m */; };
		A4DBB90B21E49D1E00D53F5A /* XQSystemAlert.m in Sources */ = {isa = PBXBuildFile; fileRef = A4DBB8A321E49D1E00D53F5A /* XQSystemAlert.m */; };
		A4DBB90C21E49D1E00D53F5A /* XQSpeechSynthesizer.m in Sources */ = {isa = PBXBuildFile; fileRef = A4DBB8A721E49D1E00D53F5A /* XQSpeechSynthesizer.m */; };
		A4DBB90D21E49D1E00D53F5A /* XQSpeech.m in Sources */ = {isa = PBXBuildFile; fileRef = A4DBB8A921E49D1E00D53F5A /* XQSpeech.m */; };
		A4DBB90E21E49D1E00D53F5A /* XQIOSDevice.m in Sources */ = {isa = PBXBuildFile; fileRef = A4DBB8AE21E49D1E00D53F5A /* XQIOSDevice.m */; };
		A4DBB90F21E49D1E00D53F5A /* XQGetAppInfo.m in Sources */ = {isa = PBXBuildFile; fileRef = A4DBB8B121E49D1E00D53F5A /* XQGetAppInfo.m */; };
		A4DBB91021E49D1E00D53F5A /* XQPermissionJudge.m in Sources */ = {isa = PBXBuildFile; fileRef = A4DBB8B421E49D1E00D53F5A /* XQPermissionJudge.m */; };
		A4DBB91121E49D1E00D53F5A /* XQIOSDeviceType.m in Sources */ = {isa = PBXBuildFile; fileRef = A4DBB8B821E49D1E00D53F5A /* XQIOSDeviceType.m */; };
		A4DBB91221E49D1E00D53F5A /* CATextLayer+Common.m in Sources */ = {isa = PBXBuildFile; fileRef = A4DBB8BC21E49D1E00D53F5A /* CATextLayer+Common.m */; };
		A4DBB91321E49D1E00D53F5A /* CAShapeLayer+Common.m in Sources */ = {isa = PBXBuildFile; fileRef = A4DBB8BE21E49D1E00D53F5A /* CAShapeLayer+Common.m */; };
		A4DBB91421E49D1E00D53F5A /* NSDictionary+Str.m in Sources */ = {isa = PBXBuildFile; fileRef = A4DBB8C221E49D1E00D53F5A /* NSDictionary+Str.m */; };
		A4DBB91521E49D1E00D53F5A /* NSDictionary+XQJson.m in Sources */ = {isa = PBXBuildFile; fileRef = A4DBB8C321E49D1E00D53F5A /* NSDictionary+XQJson.m */; };
		A4DBB91621E49D1E00D53F5A /* NSArray+XQFilter.m in Sources */ = {isa = PBXBuildFile; fileRef = A4DBB8C721E49D1E00D53F5A /* NSArray+XQFilter.m */; };
		A4DBB91721E49D1E00D53F5A /* UIButton+XQResponse.m in Sources */ = {isa = PBXBuildFile; fileRef = A4DBB8C921E49D1E00D53F5A /* UIButton+XQResponse.m */; };
		A4DBB91821E49D1E00D53F5A /* UIView+XQResponse.m in Sources */ = {isa = PBXBuildFile; fileRef = A4DBB8CB21E49D1E00D53F5A /* UIView+XQResponse.m */; };
		A4DBB91921E49D1E00D53F5A /* NSString+HexadecimalConversion.m in Sources */ = {isa = PBXBuildFile; fileRef = A4DBB8CF21E49D1E00D53F5A /* NSString+HexadecimalConversion.m */; };
		A4DBB91A21E49D1E00D53F5A /* NSString+XQHTMLFilter.m in Sources */ = {isa = PBXBuildFile; fileRef = A4DBB8D021E49D1E00D53F5A /* NSString+XQHTMLFilter.m */; };
		A4DBB91B21E49D1E00D53F5A /* NSNotificationCenter+XQBase.m in Sources */ = {isa = PBXBuildFile; fileRef = A4DBB8D421E49D1E00D53F5A /* NSNotificationCenter+XQBase.m */; };
		A4DBB91C21E49D1E00D53F5A /* NSObject+XQViewOC.m in Sources */ = {isa = PBXBuildFile; fileRef = A4DBB8D921E49D1E00D53F5A /* NSObject+XQViewOC.m */; };
		A4DBB91D21E49D1E00D53F5A /* NSObject+XQArchiverData.m in Sources */ = {isa = PBXBuildFile; fileRef = A4DBB8DA21E49D1E00D53F5A /* NSObject+XQArchiverData.m */; };
		A4DBB91E21E49D1E00D53F5A /* NSObject+XQExchangeIMP.m in Sources */ = {isa = PBXBuildFile; fileRef = A4DBB8DB21E49D1E00D53F5A /* NSObject+XQExchangeIMP.m */; };
		A4DBB91F21E49D1E00D53F5A /* XQPlayerMusic.m in Sources */ = {isa = PBXBuildFile; fileRef = A4DBB8DE21E49D1E00D53F5A /* XQPlayerMusic.m */; };
		A4DBB92021E49D1E00D53F5A /* XQKeychain.m in Sources */ = {isa = PBXBuildFile; fileRef = A4DBB8E121E49D1E00D53F5A /* XQKeychain.m */; };
		A4DBB92121E49D1E00D53F5A /* XQIPAddress.m in Sources */ = {isa = PBXBuildFile; fileRef = A4DBB8E321E49D1E00D53F5A /* XQIPAddress.m */; };
		A4DBB92221E49D1E00D53F5A /* XQPredicate.m in Sources */ = {isa = PBXBuildFile; fileRef = A4DBB8E721E49D1E00D53F5A /* XQPredicate.m */; };
		A4DBB92321E49D1E00D53F5A /* XQLocalAut.m in Sources */ = {isa = PBXBuildFile; fileRef = A4DBB8EA21E49D1E00D53F5A /* XQLocalAut.m */; };
		A4DBB92421E49D1E00D53F5A /* XQOpenPanel.m in Sources */ = {isa = PBXBuildFile; fileRef = A4DBB8F021E49D1E00D53F5A /* XQOpenPanel.m */; };
		A4DBB92521E49D1E00D53F5A /* XQUD.m in Sources */ = {isa = PBXBuildFile; fileRef = A4DBB8F121E49D1E00D53F5A /* XQUD.m */; };
		A4DBB92621E49D1E00D53F5A /* XQAlertSystem.m in Sources */ = {isa = PBXBuildFile; fileRef = A4DBB8F221E49D1E00D53F5A /* XQAlertSystem.m */; };
		A4DBB92721E49D1E00D53F5A /* NSView+Common.m in Sources */ = {isa = PBXBuildFile; fileRef = A4DBB8F321E49D1E00D53F5A /* NSView+Common.m */; };
/* End PBXBuildFile section */

/* Begin PBXContainerItemProxy section */
		1ABDE9972071BE0A00638A16 /* PBXContainerItemProxy */ = {
			isa = PBXContainerItemProxy;
			containerPortal = 1ABDE9762071BE0900638A16 /* Project object */;
			proxyType = 1;
			remoteGlobalIDString = 1ABDE97D2071BE0900638A16;
			remoteInfo = XQProjectTool;
		};
		1ABDE9A22071BE0A00638A16 /* PBXContainerItemProxy */ = {
			isa = PBXContainerItemProxy;
			containerPortal = 1ABDE9762071BE0900638A16 /* Project object */;
			proxyType = 1;
			remoteGlobalIDString = 1ABDE97D2071BE0900638A16;
			remoteInfo = XQProjectTool;
		};
/* End PBXContainerItemProxy section */

/* Begin PBXFileReference section */
		1ABDE97E2071BE0900638A16 /* XQProjectTool.app */ = {isa = PBXFileReference; explicitFileType = wrapper.application; includeInIndex = 0; path = XQProjectTool.app; sourceTree = BUILT_PRODUCTS_DIR; };
		1ABDE9812071BE0900638A16 /* AppDelegate.h */ = {isa = PBXFileReference; lastKnownFileType = sourcecode.c.h; path = AppDelegate.h; sourceTree = "<group>"; };
		1ABDE9822071BE0900638A16 /* AppDelegate.m */ = {isa = PBXFileReference; lastKnownFileType = sourcecode.c.objc; path = AppDelegate.m; sourceTree = "<group>"; };
		1ABDE9842071BE0900638A16 /* ViewController.h */ = {isa = PBXFileReference; lastKnownFileType = sourcecode.c.h; path = ViewController.h; sourceTree = "<group>"; };
		1ABDE9852071BE0A00638A16 /* ViewController.m */ = {isa = PBXFileReference; lastKnownFileType = sourcecode.c.objc; path = ViewController.m; sourceTree = "<group>"; };
		1ABDE9882071BE0A00638A16 /* Base */ = {isa = PBXFileReference; lastKnownFileType = file.storyboard; name = Base; path = Base.lproj/Main.storyboard; sourceTree = "<group>"; };
		1ABDE98A2071BE0A00638A16 /* Assets.xcassets */ = {isa = PBXFileReference; lastKnownFileType = folder.assetcatalog; path = Assets.xcassets; sourceTree = "<group>"; };
		1ABDE98D2071BE0A00638A16 /* Base */ = {isa = PBXFileReference; lastKnownFileType = file.storyboard; name = Base; path = Base.lproj/LaunchScreen.storyboard; sourceTree = "<group>"; };
		1ABDE98F2071BE0A00638A16 /* Info.plist */ = {isa = PBXFileReference; lastKnownFileType = text.plist.xml; path = Info.plist; sourceTree = "<group>"; };
		1ABDE9902071BE0A00638A16 /* main.m */ = {isa = PBXFileReference; lastKnownFileType = sourcecode.c.objc; path = main.m; sourceTree = "<group>"; };
		1ABDE9962071BE0A00638A16 /* XQProjectToolTests.xctest */ = {isa = PBXFileReference; explicitFileType = wrapper.cfbundle; includeInIndex = 0; path = XQProjectToolTests.xctest; sourceTree = BUILT_PRODUCTS_DIR; };
		1ABDE99A2071BE0A00638A16 /* XQProjectToolTests.m */ = {isa = PBXFileReference; lastKnownFileType = sourcecode.c.objc; path = XQProjectToolTests.m; sourceTree = "<group>"; };
		1ABDE99C2071BE0A00638A16 /* Info.plist */ = {isa = PBXFileReference; lastKnownFileType = text.plist.xml; path = Info.plist; sourceTree = "<group>"; };
		1ABDE9A12071BE0A00638A16 /* XQProjectToolUITests.xctest */ = {isa = PBXFileReference; explicitFileType = wrapper.cfbundle; includeInIndex = 0; path = XQProjectToolUITests.xctest; sourceTree = BUILT_PRODUCTS_DIR; };
		1ABDE9A52071BE0A00638A16 /* XQProjectToolUITests.m */ = {isa = PBXFileReference; lastKnownFileType = sourcecode.c.objc; path = XQProjectToolUITests.m; sourceTree = "<group>"; };
		1ABDE9A72071BE0B00638A16 /* Info.plist */ = {isa = PBXFileReference; lastKnownFileType = text.plist.xml; path = Info.plist; sourceTree = "<group>"; };
		1AD68F6920C68075001949D1 /* 1.jpg */ = {isa = PBXFileReference; lastKnownFileType = image.jpeg; path = 1.jpg; sourceTree = "<group>"; };
		502B2E902B7EA3A08F97D222 /* libPods-XQProjectToolUITests.a */ = {isa = PBXFileReference; explicitFileType = archive.ar; includeInIndex = 0; path = "libPods-XQProjectToolUITests.a"; sourceTree = BUILT_PRODUCTS_DIR; };
		9EAC0534F1CD0B6644D73F19 /* Pods-XQProjectTool.debug.xcconfig */ = {isa = PBXFileReference; includeInIndex = 1; lastKnownFileType = text.xcconfig; name = "Pods-XQProjectTool.debug.xcconfig"; path = "../../XQWorkProject/4.0/Appollo4.0/4.0Project/Pods/Target Support Files/Pods-XQProjectTool/Pods-XQProjectTool.debug.xcconfig"; sourceTree = "<group>"; };
		9FBD3B981A3B077B4CA42DDB /* libPods-XQProjectToolTests.a */ = {isa = PBXFileReference; explicitFileType = archive.ar; includeInIndex = 0; path = "libPods-XQProjectToolTests.a"; sourceTree = BUILT_PRODUCTS_DIR; };
		A4DBB86B21E49D1E00D53F5A /* UITextField+Keyboard.h */ = {isa = PBXFileReference; fileEncoding = 4; lastKnownFileType = sourcecode.c.h; path = "UITextField+Keyboard.h"; sourceTree = "<group>"; };
		A4DBB86C21E49D1E00D53F5A /* UITextField+Keyboard.m */ = {isa = PBXFileReference; fileEncoding = 4; lastKnownFileType = sourcecode.c.objc; path = "UITextField+Keyboard.m"; sourceTree = "<group>"; };
		A4DBB86E21E49D1E00D53F5A /* UILabel+XQAtt.h */ = {isa = PBXFileReference; fileEncoding = 4; lastKnownFileType = sourcecode.c.h; path = "UILabel+XQAtt.h"; sourceTree = "<group>"; };
		A4DBB86F21E49D1E00D53F5A /* UILabel+XQAtt.m */ = {isa = PBXFileReference; fileEncoding = 4; lastKnownFileType = sourcecode.c.objc; path = "UILabel+XQAtt.m"; sourceTree = "<group>"; };
		A4DBB87121E49D1E00D53F5A /* UIImage+SubImage.m */ = {isa = PBXFileReference; fileEncoding = 4; lastKnownFileType = sourcecode.c.objc; path = "UIImage+SubImage.m"; sourceTree = "<group>"; };
		A4DBB87221E49D1E00D53F5A /* UIImage+Color.h */ = {isa = PBXFileReference; fileEncoding = 4; lastKnownFileType = sourcecode.c.h; path = "UIImage+Color.h"; sourceTree = "<group>"; };
		A4DBB87321E49D1E00D53F5A /* UIImage+Rotate.h */ = {isa = PBXFileReference; fileEncoding = 4; lastKnownFileType = sourcecode.c.h; path = "UIImage+Rotate.h"; sourceTree = "<group>"; };
		A4DBB87421E49D1E00D53F5A /* UIImage+Corner.h */ = {isa = PBXFileReference; fileEncoding = 4; lastKnownFileType = sourcecode.c.h; path = "UIImage+Corner.h"; sourceTree = "<group>"; };
		A4DBB87521E49D1E00D53F5A /* UIImage+Gif.m */ = {isa = PBXFileReference; fileEncoding = 4; lastKnownFileType = sourcecode.c.objc; path = "UIImage+Gif.m"; sourceTree = "<group>"; };
		A4DBB87621E49D1E00D53F5A /* UIImage+CreateQRCode.h */ = {isa = PBXFileReference; fileEncoding = 4; lastKnownFileType = sourcecode.c.h; path = "UIImage+CreateQRCode.h"; sourceTree = "<group>"; };
		A4DBB87721E49D1E00D53F5A /* UIImage+SubImage.h */ = {isa = PBXFileReference; fileEncoding = 4; lastKnownFileType = sourcecode.c.h; path = "UIImage+SubImage.h"; sourceTree = "<group>"; };
		A4DBB87821E49D1E00D53F5A /* UIImage+Corner.m */ = {isa = PBXFileReference; fileEncoding = 4; lastKnownFileType = sourcecode.c.objc; path = "UIImage+Corner.m"; sourceTree = "<group>"; };
		A4DBB87921E49D1E00D53F5A /* UIImage+Rotate.m */ = {isa = PBXFileReference; fileEncoding = 4; lastKnownFileType = sourcecode.c.objc; path = "UIImage+Rotate.m"; sourceTree = "<group>"; };
		A4DBB87A21E49D1E00D53F5A /* UIImage+Color.m */ = {isa = PBXFileReference; fileEncoding = 4; lastKnownFileType = sourcecode.c.objc; path = "UIImage+Color.m"; sourceTree = "<group>"; };
		A4DBB87B21E49D1E00D53F5A /* UIImage+CreateQRCode.m */ = {isa = PBXFileReference; fileEncoding = 4; lastKnownFileType = sourcecode.c.objc; path = "UIImage+CreateQRCode.m"; sourceTree = "<group>"; };
		A4DBB87C21E49D1E00D53F5A /* UIImage+Gif.h */ = {isa = PBXFileReference; fileEncoding = 4; lastKnownFileType = sourcecode.c.h; path = "UIImage+Gif.h"; sourceTree = "<group>"; };
		A4DBB87E21E49D1E00D53F5A /* UIView+ColorProgress.m */ = {isa = PBXFileReference; fileEncoding = 4; lastKnownFileType = sourcecode.c.objc; path = "UIView+ColorProgress.m"; sourceTree = "<group>"; };
		A4DBB87F21E49D1E00D53F5A /* UIView+XQLine.m */ = {isa = PBXFileReference; fileEncoding = 4; lastKnownFileType = sourcecode.c.objc; path = "UIView+XQLine.m"; sourceTree = "<group>"; };
		A4DBB88021E49D1E00D53F5A /* UIView+ColorProgress.h */ = {isa = PBXFileReference; fileEncoding = 4; lastKnownFileType = sourcecode.c.h; path = "UIView+ColorProgress.h"; sourceTree = "<group>"; };
		A4DBB88121E49D1E00D53F5A /* UIView+XQLine.h */ = {isa = PBXFileReference; fileEncoding = 4; lastKnownFileType = sourcecode.c.h; path = "UIView+XQLine.h"; sourceTree = "<group>"; };
		A4DBB88321E49D1E00D53F5A /* XQSpreadView.m */ = {isa = PBXFileReference; fileEncoding = 4; lastKnownFileType = sourcecode.c.objc; path = XQSpreadView.m; sourceTree = "<group>"; };
		A4DBB88421E49D1E00D53F5A /* XQSpreadView.h */ = {isa = PBXFileReference; fileEncoding = 4; lastKnownFileType = sourcecode.c.h; path = XQSpreadView.h; sourceTree = "<group>"; };
		A4DBB88621E49D1E00D53F5A /* XQInputPasswordView.h */ = {isa = PBXFileReference; fileEncoding = 4; lastKnownFileType = sourcecode.c.h; path = XQInputPasswordView.h; sourceTree = "<group>"; };
		A4DBB88721E49D1E00D53F5A /* XQInputPasswordView.m */ = {isa = PBXFileReference; fileEncoding = 4; lastKnownFileType = sourcecode.c.objc; path = XQInputPasswordView.m; sourceTree = "<group>"; };
		A4DBB88A21E49D1E00D53F5A /* XQCustomSheetAlertView.m */ = {isa = PBXFileReference; fileEncoding = 4; lastKnownFileType = sourcecode.c.objc; path = XQCustomSheetAlertView.m; sourceTree = "<group>"; };
		A4DBB88B21E49D1E00D53F5A /* XQCustomSheetAlertViewCell.h */ = {isa = PBXFileReference; fileEncoding = 4; lastKnownFileType = sourcecode.c.h; path = XQCustomSheetAlertViewCell.h; sourceTree = "<group>"; };
		A4DBB88C21E49D1E00D53F5A /* XQCustomAlertView.m */ = {isa = PBXFileReference; fileEncoding = 4; lastKnownFileType = sourcecode.c.objc; path = XQCustomAlertView.m; sourceTree = "<group>"; };
		A4DBB88D21E49D1E00D53F5A /* XQCustomSheetAlertTopView.h */ = {isa = PBXFileReference; fileEncoding = 4; lastKnownFileType = sourcecode.c.h; path = XQCustomSheetAlertTopView.h; sourceTree = "<group>"; };
		A4DBB88E21E49D1E00D53F5A /* XQCustomSheetAlertFooterView.h */ = {isa = PBXFileReference; fileEncoding = 4; lastKnownFileType = sourcecode.c.h; path = XQCustomSheetAlertFooterView.h; sourceTree = "<group>"; };
		A4DBB88F21E49D1E00D53F5A /* XQCustomSheetAlertView.h */ = {isa = PBXFileReference; fileEncoding = 4; lastKnownFileType = sourcecode.c.h; path = XQCustomSheetAlertView.h; sourceTree = "<group>"; };
		A4DBB89021E49D1E00D53F5A /* XQCustomSheetAlertViewCell.m */ = {isa = PBXFileReference; fileEncoding = 4; lastKnownFileType = sourcecode.c.objc; path = XQCustomSheetAlertViewCell.m; sourceTree = "<group>"; };
		A4DBB89121E49D1E00D53F5A /* XQCustomSheetAlertViewCell.xib */ = {isa = PBXFileReference; fileEncoding = 4; lastKnownFileType = file.xib; path = XQCustomSheetAlertViewCell.xib; sourceTree = "<group>"; };
		A4DBB89221E49D1E00D53F5A /* XQCustomSheetAlertTopView.m */ = {isa = PBXFileReference; fileEncoding = 4; lastKnownFileType = sourcecode.c.objc; path = XQCustomSheetAlertTopView.m; sourceTree = "<group>"; };
		A4DBB89321E49D1E00D53F5A /* XQCustomAlertView.h */ = {isa = PBXFileReference; fileEncoding = 4; lastKnownFileType = sourcecode.c.h; path = XQCustomAlertView.h; sourceTree = "<group>"; };
		A4DBB89421E49D1E00D53F5A /* XQCustomAlertView.xib */ = {isa = PBXFileReference; fileEncoding = 4; lastKnownFileType = file.xib; path = XQCustomAlertView.xib; sourceTree = "<group>"; };
		A4DBB89521E49D1E00D53F5A /* XQCustomSheetAlertFooterView.m */ = {isa = PBXFileReference; fileEncoding = 4; lastKnownFileType = sourcecode.c.objc; path = XQCustomSheetAlertFooterView.m; sourceTree = "<group>"; };
		A4DBB89821E49D1E00D53F5A /* UINavigationBar+ChangeBackColor.h */ = {isa = PBXFileReference; fileEncoding = 4; lastKnownFileType = sourcecode.c.h; path = "UINavigationBar+ChangeBackColor.h"; sourceTree = "<group>"; };
		A4DBB89921E49D1E00D53F5A /* UINavigationBar+ChangeBackColor.m */ = {isa = PBXFileReference; fileEncoding = 4; lastKnownFileType = sourcecode.c.objc; path = "UINavigationBar+ChangeBackColor.m"; sourceTree = "<group>"; };
		A4DBB89B21E49D1E00D53F5A /* XQSuspensionViewTool.h */ = {isa = PBXFileReference; fileEncoding = 4; lastKnownFileType = sourcecode.c.h; path = XQSuspensionViewTool.h; sourceTree = "<group>"; };
		A4DBB89C21E49D1E00D53F5A /* XQSuspensionView.m */ = {isa = PBXFileReference; fileEncoding = 4; lastKnownFileType = sourcecode.c.objc; path = XQSuspensionView.m; sourceTree = "<group>"; };
		A4DBB89D21E49D1E00D53F5A /* XQSuspensionViewTool.m */ = {isa = PBXFileReference; fileEncoding = 4; lastKnownFileType = sourcecode.c.objc; path = XQSuspensionViewTool.m; sourceTree = "<group>"; };
		A4DBB89E21E49D1E00D53F5A /* XQSuspensionView.h */ = {isa = PBXFileReference; fileEncoding = 4; lastKnownFileType = sourcecode.c.h; path = XQSuspensionView.h; sourceTree = "<group>"; };
		A4DBB8A021E49D1E00D53F5A /* XQSystemCameraManager.h */ = {isa = PBXFileReference; fileEncoding = 4; lastKnownFileType = sourcecode.c.h; path = XQSystemCameraManager.h; sourceTree = "<group>"; };
		A4DBB8A121E49D1E00D53F5A /* XQSystemCameraManager.m */ = {isa = PBXFileReference; fileEncoding = 4; lastKnownFileType = sourcecode.c.objc; path = XQSystemCameraManager.m; sourceTree = "<group>"; };
		A4DBB8A321E49D1E00D53F5A /* XQSystemAlert.m */ = {isa = PBXFileReference; fileEncoding = 4; lastKnownFileType = sourcecode.c.objc; path = XQSystemAlert.m; sourceTree = "<group>"; };
		A4DBB8A421E49D1E00D53F5A /* XQSystemAlert.h */ = {isa = PBXFileReference; fileEncoding = 4; lastKnownFileType = sourcecode.c.h; path = XQSystemAlert.h; sourceTree = "<group>"; };
		A4DBB8A721E49D1E00D53F5A /* XQSpeechSynthesizer.m */ = {isa = PBXFileReference; fileEncoding = 4; lastKnownFileType = sourcecode.c.objc; path = XQSpeechSynthesizer.m; sourceTree = "<group>"; };
		A4DBB8A821E49D1E00D53F5A /* XQSpeech.h */ = {isa = PBXFileReference; fileEncoding = 4; lastKnownFileType = sourcecode.c.h; path = XQSpeech.h; sourceTree = "<group>"; };
		A4DBB8A921E49D1E00D53F5A /* XQSpeech.m */ = {isa = PBXFileReference; fileEncoding = 4; lastKnownFileType = sourcecode.c.objc; path = XQSpeech.m; sourceTree = "<group>"; };
		A4DBB8AA21E49D1E00D53F5A /* XQSpeechSynthesizer.h */ = {isa = PBXFileReference; fileEncoding = 4; lastKnownFileType = sourcecode.c.h; path = XQSpeechSynthesizer.h; sourceTree = "<group>"; };
		A4DBB8AE21E49D1E00D53F5A /* XQIOSDevice.m */ = {isa = PBXFileReference; fileEncoding = 4; lastKnownFileType = sourcecode.c.objc; path = XQIOSDevice.m; sourceTree = "<group>"; };
		A4DBB8AF21E49D1E00D53F5A /* XQIOSDevice.h */ = {isa = PBXFileReference; fileEncoding = 4; lastKnownFileType = sourcecode.c.h; path = XQIOSDevice.h; sourceTree = "<group>"; };
		A4DBB8B121E49D1E00D53F5A /* XQGetAppInfo.m */ = {isa = PBXFileReference; fileEncoding = 4; lastKnownFileType = sourcecode.c.objc; path = XQGetAppInfo.m; sourceTree = "<group>"; };
		A4DBB8B221E49D1E00D53F5A /* XQGetAppInfo.h */ = {isa = PBXFileReference; fileEncoding = 4; lastKnownFileType = sourcecode.c.h; path = XQGetAppInfo.h; sourceTree = "<group>"; };
		A4DBB8B421E49D1E00D53F5A /* XQPermissionJudge.m */ = {isa = PBXFileReference; fileEncoding = 4; lastKnownFileType = sourcecode.c.objc; path = XQPermissionJudge.m; sourceTree = "<group>"; };
		A4DBB8B521E49D1E00D53F5A /* XQPermissionJudge.h */ = {isa = PBXFileReference; fileEncoding = 4; lastKnownFileType = sourcecode.c.h; path = XQPermissionJudge.h; sourceTree = "<group>"; };
		A4DBB8B821E49D1E00D53F5A /* XQIOSDeviceType.m */ = {isa = PBXFileReference; fileEncoding = 4; lastKnownFileType = sourcecode.c.objc; path = XQIOSDeviceType.m; sourceTree = "<group>"; };
		A4DBB8B921E49D1E00D53F5A /* XQIOSDeviceType.h */ = {isa = PBXFileReference; fileEncoding = 4; lastKnownFileType = sourcecode.c.h; path = XQIOSDeviceType.h; sourceTree = "<group>"; };
		A4DBB8BC21E49D1E00D53F5A /* CATextLayer+Common.m */ = {isa = PBXFileReference; fileEncoding = 4; lastKnownFileType = sourcecode.c.objc; path = "CATextLayer+Common.m"; sourceTree = "<group>"; };
		A4DBB8BD21E49D1E00D53F5A /* CAShapeLayer+Common.h */ = {isa = PBXFileReference; fileEncoding = 4; lastKnownFileType = sourcecode.c.h; path = "CAShapeLayer+Common.h"; sourceTree = "<group>"; };
		A4DBB8BE21E49D1E00D53F5A /* CAShapeLayer+Common.m */ = {isa = PBXFileReference; fileEncoding = 4; lastKnownFileType = sourcecode.c.objc; path = "CAShapeLayer+Common.m"; sourceTree = "<group>"; };
		A4DBB8BF21E49D1E00D53F5A /* CATextLayer+Common.h */ = {isa = PBXFileReference; fileEncoding = 4; lastKnownFileType = sourcecode.c.h; path = "CATextLayer+Common.h"; sourceTree = "<group>"; };
		A4DBB8C121E49D1E00D53F5A /* NSDictionary+XQJson.h */ = {isa = PBXFileReference; fileEncoding = 4; lastKnownFileType = sourcecode.c.h; path = "NSDictionary+XQJson.h"; sourceTree = "<group>"; };
		A4DBB8C221E49D1E00D53F5A /* NSDictionary+Str.m */ = {isa = PBXFileReference; fileEncoding = 4; lastKnownFileType = sourcecode.c.objc; path = "NSDictionary+Str.m"; sourceTree = "<group>"; };
		A4DBB8C321E49D1E00D53F5A /* NSDictionary+XQJson.m */ = {isa = PBXFileReference; fileEncoding = 4; lastKnownFileType = sourcecode.c.objc; path = "NSDictionary+XQJson.m"; sourceTree = "<group>"; };
		A4DBB8C421E49D1E00D53F5A /* NSDictionary+Str.h */ = {isa = PBXFileReference; fileEncoding = 4; lastKnownFileType = sourcecode.c.h; path = "NSDictionary+Str.h"; sourceTree = "<group>"; };
		A4DBB8C621E49D1E00D53F5A /* NSArray+XQFilter.h */ = {isa = PBXFileReference; fileEncoding = 4; lastKnownFileType = sourcecode.c.h; path = "NSArray+XQFilter.h"; sourceTree = "<group>"; };
		A4DBB8C721E49D1E00D53F5A /* NSArray+XQFilter.m */ = {isa = PBXFileReference; fileEncoding = 4; lastKnownFileType = sourcecode.c.objc; path = "NSArray+XQFilter.m"; sourceTree = "<group>"; };
		A4DBB8C921E49D1E00D53F5A /* UIButton+XQResponse.m */ = {isa = PBXFileReference; fileEncoding = 4; lastKnownFileType = sourcecode.c.objc; path = "UIButton+XQResponse.m"; sourceTree = "<group>"; };
		A4DBB8CA21E49D1E00D53F5A /* UIView+XQResponse.h */ = {isa = PBXFileReference; fileEncoding = 4; lastKnownFileType = sourcecode.c.h; path = "UIView+XQResponse.h"; sourceTree = "<group>"; };
		A4DBB8CB21E49D1E00D53F5A /* UIView+XQResponse.m */ = {isa = PBXFileReference; fileEncoding = 4; lastKnownFileType = sourcecode.c.objc; path = "UIView+XQResponse.m"; sourceTree = "<group>"; };
		A4DBB8CC21E49D1E00D53F5A /* UIButton+XQResponse.h */ = {isa = PBXFileReference; fileEncoding = 4; lastKnownFileType = sourcecode.c.h; path = "UIButton+XQResponse.h"; sourceTree = "<group>"; };
		A4DBB8CE21E49D1E00D53F5A /* NSString+XQHTMLFilter.h */ = {isa = PBXFileReference; fileEncoding = 4; lastKnownFileType = sourcecode.c.h; path = "NSString+XQHTMLFilter.h"; sourceTree = "<group>"; };
		A4DBB8CF21E49D1E00D53F5A /* NSString+HexadecimalConversion.m */ = {isa = PBXFileReference; fileEncoding = 4; lastKnownFileType = sourcecode.c.objc; path = "NSString+HexadecimalConversion.m"; sourceTree = "<group>"; };
		A4DBB8D021E49D1E00D53F5A /* NSString+XQHTMLFilter.m */ = {isa = PBXFileReference; fileEncoding = 4; lastKnownFileType = sourcecode.c.objc; path = "NSString+XQHTMLFilter.m"; sourceTree = "<group>"; };
		A4DBB8D121E49D1E00D53F5A /* NSString+HexadecimalConversion.h */ = {isa = PBXFileReference; fileEncoding = 4; lastKnownFileType = sourcecode.c.h; path = "NSString+HexadecimalConversion.h"; sourceTree = "<group>"; };
		A4DBB8D321E49D1E00D53F5A /* NSNotificationCenter+XQBase.h */ = {isa = PBXFileReference; fileEncoding = 4; lastKnownFileType = sourcecode.c.h; path = "NSNotificationCenter+XQBase.h"; sourceTree = "<group>"; };
		A4DBB8D421E49D1E00D53F5A /* NSNotificationCenter+XQBase.m */ = {isa = PBXFileReference; fileEncoding = 4; lastKnownFileType = sourcecode.c.objc; path = "NSNotificationCenter+XQBase.m"; sourceTree = "<group>"; };
		A4DBB8D621E49D1E00D53F5A /* NSObject+XQViewOC.h */ = {isa = PBXFileReference; fileEncoding = 4; lastKnownFileType = sourcecode.c.h; path = "NSObject+XQViewOC.h"; sourceTree = "<group>"; };
		A4DBB8D721E49D1E00D53F5A /* NSObject+XQExchangeIMP.h */ = {isa = PBXFileReference; fileEncoding = 4; lastKnownFileType = sourcecode.c.h; path = "NSObject+XQExchangeIMP.h"; sourceTree = "<group>"; };
		A4DBB8D821E49D1E00D53F5A /* NSObject+XQArchiverData.h */ = {isa = PBXFileReference; fileEncoding = 4; lastKnownFileType = sourcecode.c.h; path = "NSObject+XQArchiverData.h"; sourceTree = "<group>"; };
		A4DBB8D921E49D1E00D53F5A /* NSObject+XQViewOC.m */ = {isa = PBXFileReference; fileEncoding = 4; lastKnownFileType = sourcecode.c.objc; path = "NSObject+XQViewOC.m"; sourceTree = "<group>"; };
		A4DBB8DA21E49D1E00D53F5A /* NSObject+XQArchiverData.m */ = {isa = PBXFileReference; fileEncoding = 4; lastKnownFileType = sourcecode.c.objc; path = "NSObject+XQArchiverData.m"; sourceTree = "<group>"; };
		A4DBB8DB21E49D1E00D53F5A /* NSObject+XQExchangeIMP.m */ = {isa = PBXFileReference; fileEncoding = 4; lastKnownFileType = sourcecode.c.objc; path = "NSObject+XQExchangeIMP.m"; sourceTree = "<group>"; };
		A4DBB8DD21E49D1E00D53F5A /* XQPlayerMusic.h */ = {isa = PBXFileReference; fileEncoding = 4; lastKnownFileType = sourcecode.c.h; path = XQPlayerMusic.h; sourceTree = "<group>"; };
		A4DBB8DE21E49D1E00D53F5A /* XQPlayerMusic.m */ = {isa = PBXFileReference; fileEncoding = 4; lastKnownFileType = sourcecode.c.objc; path = XQPlayerMusic.m; sourceTree = "<group>"; };
		A4DBB8E021E49D1E00D53F5A /* XQKeychain.h */ = {isa = PBXFileReference; fileEncoding = 4; lastKnownFileType = sourcecode.c.h; path = XQKeychain.h; sourceTree = "<group>"; };
		A4DBB8E121E49D1E00D53F5A /* XQKeychain.m */ = {isa = PBXFileReference; fileEncoding = 4; lastKnownFileType = sourcecode.c.objc; path = XQKeychain.m; sourceTree = "<group>"; };
		A4DBB8E321E49D1E00D53F5A /* XQIPAddress.m */ = {isa = PBXFileReference; fileEncoding = 4; lastKnownFileType = sourcecode.c.objc; path = XQIPAddress.m; sourceTree = "<group>"; };
		A4DBB8E421E49D1E00D53F5A /* XQIPAddress.h */ = {isa = PBXFileReference; fileEncoding = 4; lastKnownFileType = sourcecode.c.h; path = XQIPAddress.h; sourceTree = "<group>"; };
		A4DBB8E621E49D1E00D53F5A /* XQPredicate.h */ = {isa = PBXFileReference; fileEncoding = 4; lastKnownFileType = sourcecode.c.h; path = XQPredicate.h; sourceTree = "<group>"; };
		A4DBB8E721E49D1E00D53F5A /* XQPredicate.m */ = {isa = PBXFileReference; fileEncoding = 4; lastKnownFileType = sourcecode.c.objc; path = XQPredicate.m; sourceTree = "<group>"; };
		A4DBB8E921E49D1E00D53F5A /* XQLocalAut.h */ = {isa = PBXFileReference; fileEncoding = 4; lastKnownFileType = sourcecode.c.h; path = XQLocalAut.h; sourceTree = "<group>"; };
		A4DBB8EA21E49D1E00D53F5A /* XQLocalAut.m */ = {isa = PBXFileReference; fileEncoding = 4; lastKnownFileType = sourcecode.c.objc; path = XQLocalAut.m; sourceTree = "<group>"; };
		A4DBB8EC21E49D1E00D53F5A /* XQOpenPanel.h */ = {isa = PBXFileReference; fileEncoding = 4; lastKnownFileType = sourcecode.c.h; path = XQOpenPanel.h; sourceTree = "<group>"; };
		A4DBB8ED21E49D1E00D53F5A /* XQAlertSystem.h */ = {isa = PBXFileReference; fileEncoding = 4; lastKnownFileType = sourcecode.c.h; path = XQAlertSystem.h; sourceTree = "<group>"; };
		A4DBB8EE21E49D1E00D53F5A /* XQUD.h */ = {isa = PBXFileReference; fileEncoding = 4; lastKnownFileType = sourcecode.c.h; path = XQUD.h; sourceTree = "<group>"; };
		A4DBB8EF21E49D1E00D53F5A /* NSView+Common.h */ = {isa = PBXFileReference; fileEncoding = 4; lastKnownFileType = sourcecode.c.h; path = "NSView+Common.h"; sourceTree = "<group>"; };
		A4DBB8F021E49D1E00D53F5A /* XQOpenPanel.m */ = {isa = PBXFileReference; fileEncoding = 4; lastKnownFileType = sourcecode.c.objc; path = XQOpenPanel.m; sourceTree = "<group>"; };
		A4DBB8F121E49D1E00D53F5A /* XQUD.m */ = {isa = PBXFileReference; fileEncoding = 4; lastKnownFileType = sourcecode.c.objc; path = XQUD.m; sourceTree = "<group>"; };
		A4DBB8F221E49D1E00D53F5A /* XQAlertSystem.m */ = {isa = PBXFileReference; fileEncoding = 4; lastKnownFileType = sourcecode.c.objc; path = XQAlertSystem.m; sourceTree = "<group>"; };
		A4DBB8F321E49D1E00D53F5A /* NSView+Common.m */ = {isa = PBXFileReference; fileEncoding = 4; lastKnownFileType = sourcecode.c.objc; path = "NSView+Common.m"; sourceTree = "<group>"; };
		B3494BA459B4473D41D67908 /* Pods-XQProjectTool.release.xcconfig */ = {isa = PBXFileReference; includeInIndex = 1; lastKnownFileType = text.xcconfig; name = "Pods-XQProjectTool.release.xcconfig"; path = "../../XQWorkProject/4.0/Appollo4.0/4.0Project/Pods/Target Support Files/Pods-XQProjectTool/Pods-XQProjectTool.release.xcconfig"; sourceTree = "<group>"; };
		E27E9247189B89183582694E /* Pods_XQProjectTool.framework */ = {isa = PBXFileReference; explicitFileType = wrapper.framework; includeInIndex = 0; path = Pods_XQProjectTool.framework; sourceTree = BUILT_PRODUCTS_DIR; };
/* End PBXFileReference section */

/* Begin PBXFrameworksBuildPhase section */
		1ABDE97B2071BE0900638A16 /* Frameworks */ = {
			isa = PBXFrameworksBuildPhase;
			buildActionMask = 2147483647;
			files = (
				9627470FA4D7D964C980363C /* Pods_XQProjectTool.framework in Frameworks */,
			);
			runOnlyForDeploymentPostprocessing = 0;
		};
		1ABDE9932071BE0A00638A16 /* Frameworks */ = {
			isa = PBXFrameworksBuildPhase;
			buildActionMask = 2147483647;
			files = (
			);
			runOnlyForDeploymentPostprocessing = 0;
		};
		1ABDE99E2071BE0A00638A16 /* Frameworks */ = {
			isa = PBXFrameworksBuildPhase;
			buildActionMask = 2147483647;
			files = (
			);
			runOnlyForDeploymentPostprocessing = 0;
		};
/* End PBXFrameworksBuildPhase section */

/* Begin PBXGroup section */
		1ABDE9752071BE0900638A16 = {
			isa = PBXGroup;
			children = (
				1ABDE9802071BE0900638A16 /* XQProjectTool */,
				1ABDE9992071BE0A00638A16 /* XQProjectToolTests */,
				1ABDE9A42071BE0A00638A16 /* XQProjectToolUITests */,
				1ABDE97F2071BE0900638A16 /* Products */,
				B39AB4A9D1E198175C553DE0 /* Pods */,
				AE2101AE77FD96FE89A49768 /* Frameworks */,
			);
			sourceTree = "<group>";
		};
		1ABDE97F2071BE0900638A16 /* Products */ = {
			isa = PBXGroup;
			children = (
				1ABDE97E2071BE0900638A16 /* XQProjectTool.app */,
				1ABDE9962071BE0A00638A16 /* XQProjectToolTests.xctest */,
				1ABDE9A12071BE0A00638A16 /* XQProjectToolUITests.xctest */,
			);
			name = Products;
			sourceTree = "<group>";
		};
		1ABDE9802071BE0900638A16 /* XQProjectTool */ = {
			isa = PBXGroup;
			children = (
				1ABDE9812071BE0900638A16 /* AppDelegate.h */,
				1ABDE9822071BE0900638A16 /* AppDelegate.m */,
				1ABDE9842071BE0900638A16 /* ViewController.h */,
				1ABDE9852071BE0A00638A16 /* ViewController.m */,
				A4DBB8A521E49D1E00D53F5A /* iPhoneTool */,
				A4DBB8EB21E49D1E00D53F5A /* MacTool */,
				A4DBB8AB21E49D1E00D53F5A /* Tool */,
				A4DBB86721E49D1E00D53F5A /* UITool */,
				1AD68F6920C68075001949D1 /* 1.jpg */,
				1ABDE9872071BE0A00638A16 /* Main.storyboard */,
				1ABDE98A2071BE0A00638A16 /* Assets.xcassets */,
				1ABDE98C2071BE0A00638A16 /* LaunchScreen.storyboard */,
				1ABDE98F2071BE0A00638A16 /* Info.plist */,
				1ABDE9902071BE0A00638A16 /* main.m */,
			);
			path = XQProjectTool;
			sourceTree = "<group>";
		};
		1ABDE9992071BE0A00638A16 /* XQProjectToolTests */ = {
			isa = PBXGroup;
			children = (
				1ABDE99A2071BE0A00638A16 /* XQProjectToolTests.m */,
				1ABDE99C2071BE0A00638A16 /* Info.plist */,
			);
			path = XQProjectToolTests;
			sourceTree = "<group>";
		};
		1ABDE9A42071BE0A00638A16 /* XQProjectToolUITests */ = {
			isa = PBXGroup;
			children = (
				1ABDE9A52071BE0A00638A16 /* XQProjectToolUITests.m */,
				1ABDE9A72071BE0B00638A16 /* Info.plist */,
			);
			path = XQProjectToolUITests;
			sourceTree = "<group>";
		};
		A4DBB86721E49D1E00D53F5A /* UITool */ = {
			isa = PBXGroup;
			children = (
				A4DBB86821E49D1E00D53F5A /* UITool */,
				A4DBB88821E49D1E00D53F5A /* ENC */,
			);
			path = UITool;
			sourceTree = "<group>";
		};
		A4DBB86821E49D1E00D53F5A /* UITool */ = {
			isa = PBXGroup;
			children = (
				A4DBB86921E49D1E00D53F5A /* Category */,
				A4DBB88221E49D1E00D53F5A /* SpreadView */,
				A4DBB88521E49D1E00D53F5A /* XQInputPasswordView */,
			);
			path = UITool;
			sourceTree = "<group>";
		};
		A4DBB86921E49D1E00D53F5A /* Category */ = {
			isa = PBXGroup;
			children = (
				A4DBB86A21E49D1E00D53F5A /* UITextFieldCategory */,
				A4DBB86D21E49D1E00D53F5A /* XQLabCategory */,
				A4DBB87021E49D1E00D53F5A /* XQImageCategory */,
				A4DBB87D21E49D1E00D53F5A /* XQViewCategory */,
			);
			path = Category;
			sourceTree = "<group>";
		};
		A4DBB86A21E49D1E00D53F5A /* UITextFieldCategory */ = {
			isa = PBXGroup;
			children = (
				A4DBB86B21E49D1E00D53F5A /* UITextField+Keyboard.h */,
				A4DBB86C21E49D1E00D53F5A /* UITextField+Keyboard.m */,
			);
			path = UITextFieldCategory;
			sourceTree = "<group>";
		};
		A4DBB86D21E49D1E00D53F5A /* XQLabCategory */ = {
			isa = PBXGroup;
			children = (
				A4DBB86E21E49D1E00D53F5A /* UILabel+XQAtt.h */,
				A4DBB86F21E49D1E00D53F5A /* UILabel+XQAtt.m */,
			);
			path = XQLabCategory;
			sourceTree = "<group>";
		};
		A4DBB87021E49D1E00D53F5A /* XQImageCategory */ = {
			isa = PBXGroup;
			children = (
				A4DBB87121E49D1E00D53F5A /* UIImage+SubImage.m */,
				A4DBB87221E49D1E00D53F5A /* UIImage+Color.h */,
				A4DBB87321E49D1E00D53F5A /* UIImage+Rotate.h */,
				A4DBB87421E49D1E00D53F5A /* UIImage+Corner.h */,
				A4DBB87521E49D1E00D53F5A /* UIImage+Gif.m */,
				A4DBB87621E49D1E00D53F5A /* UIImage+CreateQRCode.h */,
				A4DBB87721E49D1E00D53F5A /* UIImage+SubImage.h */,
				A4DBB87821E49D1E00D53F5A /* UIImage+Corner.m */,
				A4DBB87921E49D1E00D53F5A /* UIImage+Rotate.m */,
				A4DBB87A21E49D1E00D53F5A /* UIImage+Color.m */,
				A4DBB87B21E49D1E00D53F5A /* UIImage+CreateQRCode.m */,
				A4DBB87C21E49D1E00D53F5A /* UIImage+Gif.h */,
			);
			path = XQImageCategory;
			sourceTree = "<group>";
		};
		A4DBB87D21E49D1E00D53F5A /* XQViewCategory */ = {
			isa = PBXGroup;
			children = (
				A4DBB87E21E49D1E00D53F5A /* UIView+ColorProgress.m */,
				A4DBB87F21E49D1E00D53F5A /* UIView+XQLine.m */,
				A4DBB88021E49D1E00D53F5A /* UIView+ColorProgress.h */,
				A4DBB88121E49D1E00D53F5A /* UIView+XQLine.h */,
			);
			path = XQViewCategory;
			sourceTree = "<group>";
		};
		A4DBB88221E49D1E00D53F5A /* SpreadView */ = {
			isa = PBXGroup;
			children = (
				A4DBB88321E49D1E00D53F5A /* XQSpreadView.m */,
				A4DBB88421E49D1E00D53F5A /* XQSpreadView.h */,
			);
			path = SpreadView;
			sourceTree = "<group>";
		};
		A4DBB88521E49D1E00D53F5A /* XQInputPasswordView */ = {
			isa = PBXGroup;
			children = (
				A4DBB88621E49D1E00D53F5A /* XQInputPasswordView.h */,
				A4DBB88721E49D1E00D53F5A /* XQInputPasswordView.m */,
			);
			path = XQInputPasswordView;
			sourceTree = "<group>";
		};
		A4DBB88821E49D1E00D53F5A /* ENC */ = {
			isa = PBXGroup;
			children = (
				A4DBB88921E49D1E00D53F5A /* CustomAlertView */,
				A4DBB89621E49D1E00D53F5A /* Category */,
				A4DBB89A21E49D1E00D53F5A /* SuspensionView */,
				A4DBB89F21E49D1E00D53F5A /* SystemCamera */,
				A4DBB8A221E49D1E00D53F5A /* XQSystemAlert */,
			);
			path = ENC;
			sourceTree = "<group>";
		};
		A4DBB88921E49D1E00D53F5A /* CustomAlertView */ = {
			isa = PBXGroup;
			children = (
				A4DBB88A21E49D1E00D53F5A /* XQCustomSheetAlertView.m */,
				A4DBB88B21E49D1E00D53F5A /* XQCustomSheetAlertViewCell.h */,
				A4DBB88C21E49D1E00D53F5A /* XQCustomAlertView.m */,
				A4DBB88D21E49D1E00D53F5A /* XQCustomSheetAlertTopView.h */,
				A4DBB88E21E49D1E00D53F5A /* XQCustomSheetAlertFooterView.h */,
				A4DBB88F21E49D1E00D53F5A /* XQCustomSheetAlertView.h */,
				A4DBB89021E49D1E00D53F5A /* XQCustomSheetAlertViewCell.m */,
				A4DBB89121E49D1E00D53F5A /* XQCustomSheetAlertViewCell.xib */,
				A4DBB89221E49D1E00D53F5A /* XQCustomSheetAlertTopView.m */,
				A4DBB89321E49D1E00D53F5A /* XQCustomAlertView.h */,
				A4DBB89421E49D1E00D53F5A /* XQCustomAlertView.xib */,
				A4DBB89521E49D1E00D53F5A /* XQCustomSheetAlertFooterView.m */,
			);
			path = CustomAlertView;
			sourceTree = "<group>";
		};
		A4DBB89621E49D1E00D53F5A /* Category */ = {
			isa = PBXGroup;
			children = (
				A4DBB89721E49D1E00D53F5A /* UINavigationBarCategory */,
			);
			path = Category;
			sourceTree = "<group>";
		};
		A4DBB89721E49D1E00D53F5A /* UINavigationBarCategory */ = {
			isa = PBXGroup;
			children = (
				A4DBB89821E49D1E00D53F5A /* UINavigationBar+ChangeBackColor.h */,
				A4DBB89921E49D1E00D53F5A /* UINavigationBar+ChangeBackColor.m */,
			);
			path = UINavigationBarCategory;
			sourceTree = "<group>";
		};
		A4DBB89A21E49D1E00D53F5A /* SuspensionView */ = {
			isa = PBXGroup;
			children = (
				A4DBB89B21E49D1E00D53F5A /* XQSuspensionViewTool.h */,
				A4DBB89C21E49D1E00D53F5A /* XQSuspensionView.m */,
				A4DBB89D21E49D1E00D53F5A /* XQSuspensionViewTool.m */,
				A4DBB89E21E49D1E00D53F5A /* XQSuspensionView.h */,
			);
			path = SuspensionView;
			sourceTree = "<group>";
		};
		A4DBB89F21E49D1E00D53F5A /* SystemCamera */ = {
			isa = PBXGroup;
			children = (
				A4DBB8A021E49D1E00D53F5A /* XQSystemCameraManager.h */,
				A4DBB8A121E49D1E00D53F5A /* XQSystemCameraManager.m */,
			);
			path = SystemCamera;
			sourceTree = "<group>";
		};
		A4DBB8A221E49D1E00D53F5A /* XQSystemAlert */ = {
			isa = PBXGroup;
			children = (
				A4DBB8A321E49D1E00D53F5A /* XQSystemAlert.m */,
				A4DBB8A421E49D1E00D53F5A /* XQSystemAlert.h */,
			);
			path = XQSystemAlert;
			sourceTree = "<group>";
		};
		A4DBB8A521E49D1E00D53F5A /* iPhoneTool */ = {
			isa = PBXGroup;
			children = (
				A4DBB8A621E49D1E00D53F5A /* XQVoice */,
			);
			path = iPhoneTool;
			sourceTree = "<group>";
		};
		A4DBB8A621E49D1E00D53F5A /* XQVoice */ = {
			isa = PBXGroup;
			children = (
				A4DBB8A721E49D1E00D53F5A /* XQSpeechSynthesizer.m */,
				A4DBB8A821E49D1E00D53F5A /* XQSpeech.h */,
				A4DBB8A921E49D1E00D53F5A /* XQSpeech.m */,
				A4DBB8AA21E49D1E00D53F5A /* XQSpeechSynthesizer.h */,
			);
			path = XQVoice;
			sourceTree = "<group>";
		};
		A4DBB8AB21E49D1E00D53F5A /* Tool */ = {
			isa = PBXGroup;
			children = (
				A4DBB8AC21E49D1E00D53F5A /* ExtensionNotCanTool */,
				A4DBB8B621E49D1E00D53F5A /* Tool */,
			);
			path = Tool;
			sourceTree = "<group>";
		};
		A4DBB8AC21E49D1E00D53F5A /* ExtensionNotCanTool */ = {
			isa = PBXGroup;
			children = (
				A4DBB8AD21E49D1E00D53F5A /* XQIOSDevice */,
				A4DBB8B021E49D1E00D53F5A /* XQGetAppInfo */,
				A4DBB8B321E49D1E00D53F5A /* XQPermissionJudge */,
			);
			path = ExtensionNotCanTool;
			sourceTree = "<group>";
		};
		A4DBB8AD21E49D1E00D53F5A /* XQIOSDevice */ = {
			isa = PBXGroup;
			children = (
				A4DBB8AE21E49D1E00D53F5A /* XQIOSDevice.m */,
				A4DBB8AF21E49D1E00D53F5A /* XQIOSDevice.h */,
			);
			path = XQIOSDevice;
			sourceTree = "<group>";
		};
		A4DBB8B021E49D1E00D53F5A /* XQGetAppInfo */ = {
			isa = PBXGroup;
			children = (
				A4DBB8B121E49D1E00D53F5A /* XQGetAppInfo.m */,
				A4DBB8B221E49D1E00D53F5A /* XQGetAppInfo.h */,
			);
			path = XQGetAppInfo;
			sourceTree = "<group>";
		};
		A4DBB8B321E49D1E00D53F5A /* XQPermissionJudge */ = {
			isa = PBXGroup;
			children = (
				A4DBB8B421E49D1E00D53F5A /* XQPermissionJudge.m */,
				A4DBB8B521E49D1E00D53F5A /* XQPermissionJudge.h */,
			);
			path = XQPermissionJudge;
			sourceTree = "<group>";
		};
		A4DBB8B621E49D1E00D53F5A /* Tool */ = {
			isa = PBXGroup;
			children = (
				A4DBB8B721E49D1E00D53F5A /* XQIOSDeviceType */,
				A4DBB8BA21E49D1E00D53F5A /* Category */,
				A4DBB8DC21E49D1E00D53F5A /* XQPlayerMusic */,
				A4DBB8DF21E49D1E00D53F5A /* XQKeychain */,
				A4DBB8E221E49D1E00D53F5A /* XQIPAddress */,
				A4DBB8E521E49D1E00D53F5A /* XQPredicate */,
				A4DBB8E821E49D1E00D53F5A /* XQlocalAut */,
			);
			path = Tool;
			sourceTree = "<group>";
		};
		A4DBB8B721E49D1E00D53F5A /* XQIOSDeviceType */ = {
			isa = PBXGroup;
			children = (
				A4DBB8B821E49D1E00D53F5A /* XQIOSDeviceType.m */,
				A4DBB8B921E49D1E00D53F5A /* XQIOSDeviceType.h */,
			);
			path = XQIOSDeviceType;
			sourceTree = "<group>";
		};
		A4DBB8BA21E49D1E00D53F5A /* Category */ = {
			isa = PBXGroup;
			children = (
				A4DBB8BB21E49D1E00D53F5A /* CALayerCategory */,
				A4DBB8C021E49D1E00D53F5A /* XQDictionaryCategory */,
				A4DBB8C521E49D1E00D53F5A /* XQNSArrayCategory */,
				A4DBB8C821E49D1E00D53F5A /* ViewRuntime */,
				A4DBB8CD21E49D1E00D53F5A /* XQStrCategory */,
				A4DBB8D221E49D1E00D53F5A /* XQNSNotificationCenterCategory */,
				A4DBB8D521E49D1E00D53F5A /* XQRuntime */,
			);
			path = Category;
			sourceTree = "<group>";
		};
		A4DBB8BB21E49D1E00D53F5A /* CALayerCategory */ = {
			isa = PBXGroup;
			children = (
				A4DBB8BC21E49D1E00D53F5A /* CATextLayer+Common.m */,
				A4DBB8BD21E49D1E00D53F5A /* CAShapeLayer+Common.h */,
				A4DBB8BE21E49D1E00D53F5A /* CAShapeLayer+Common.m */,
				A4DBB8BF21E49D1E00D53F5A /* CATextLayer+Common.h */,
			);
			path = CALayerCategory;
			sourceTree = "<group>";
		};
		A4DBB8C021E49D1E00D53F5A /* XQDictionaryCategory */ = {
			isa = PBXGroup;
			children = (
				A4DBB8C121E49D1E00D53F5A /* NSDictionary+XQJson.h */,
				A4DBB8C221E49D1E00D53F5A /* NSDictionary+Str.m */,
				A4DBB8C321E49D1E00D53F5A /* NSDictionary+XQJson.m */,
				A4DBB8C421E49D1E00D53F5A /* NSDictionary+Str.h */,
			);
			path = XQDictionaryCategory;
			sourceTree = "<group>";
		};
		A4DBB8C521E49D1E00D53F5A /* XQNSArrayCategory */ = {
			isa = PBXGroup;
			children = (
				A4DBB8C621E49D1E00D53F5A /* NSArray+XQFilter.h */,
				A4DBB8C721E49D1E00D53F5A /* NSArray+XQFilter.m */,
			);
			path = XQNSArrayCategory;
			sourceTree = "<group>";
		};
		A4DBB8C821E49D1E00D53F5A /* ViewRuntime */ = {
			isa = PBXGroup;
			children = (
				A4DBB8C921E49D1E00D53F5A /* UIButton+XQResponse.m */,
				A4DBB8CA21E49D1E00D53F5A /* UIView+XQResponse.h */,
				A4DBB8CB21E49D1E00D53F5A /* UIView+XQResponse.m */,
				A4DBB8CC21E49D1E00D53F5A /* UIButton+XQResponse.h */,
			);
			path = ViewRuntime;
			sourceTree = "<group>";
		};
		A4DBB8CD21E49D1E00D53F5A /* XQStrCategory */ = {
			isa = PBXGroup;
			children = (
				A4DBB8CE21E49D1E00D53F5A /* NSString+XQHTMLFilter.h */,
				A4DBB8CF21E49D1E00D53F5A /* NSString+HexadecimalConversion.m */,
				A4DBB8D021E49D1E00D53F5A /* NSString+XQHTMLFilter.m */,
				A4DBB8D121E49D1E00D53F5A /* NSString+HexadecimalConversion.h */,
			);
			path = XQStrCategory;
			sourceTree = "<group>";
		};
		A4DBB8D221E49D1E00D53F5A /* XQNSNotificationCenterCategory */ = {
			isa = PBXGroup;
			children = (
				A4DBB8D321E49D1E00D53F5A /* NSNotificationCenter+XQBase.h */,
				A4DBB8D421E49D1E00D53F5A /* NSNotificationCenter+XQBase.m */,
			);
			path = XQNSNotificationCenterCategory;
			sourceTree = "<group>";
		};
		A4DBB8D521E49D1E00D53F5A /* XQRuntime */ = {
			isa = PBXGroup;
			children = (
				A4DBB8D621E49D1E00D53F5A /* NSObject+XQViewOC.h */,
				A4DBB8D721E49D1E00D53F5A /* NSObject+XQExchangeIMP.h */,
				A4DBB8D821E49D1E00D53F5A /* NSObject+XQArchiverData.h */,
				A4DBB8D921E49D1E00D53F5A /* NSObject+XQViewOC.m */,
				A4DBB8DA21E49D1E00D53F5A /* NSObject+XQArchiverData.m */,
				A4DBB8DB21E49D1E00D53F5A /* NSObject+XQExchangeIMP.m */,
			);
			path = XQRuntime;
			sourceTree = "<group>";
		};
		A4DBB8DC21E49D1E00D53F5A /* XQPlayerMusic */ = {
			isa = PBXGroup;
			children = (
				A4DBB8DD21E49D1E00D53F5A /* XQPlayerMusic.h */,
				A4DBB8DE21E49D1E00D53F5A /* XQPlayerMusic.m */,
			);
			path = XQPlayerMusic;
			sourceTree = "<group>";
		};
		A4DBB8DF21E49D1E00D53F5A /* XQKeychain */ = {
			isa = PBXGroup;
			children = (
				A4DBB8E021E49D1E00D53F5A /* XQKeychain.h */,
				A4DBB8E121E49D1E00D53F5A /* XQKeychain.m */,
			);
			path = XQKeychain;
			sourceTree = "<group>";
		};
		A4DBB8E221E49D1E00D53F5A /* XQIPAddress */ = {
			isa = PBXGroup;
			children = (
				A4DBB8E321E49D1E00D53F5A /* XQIPAddress.m */,
				A4DBB8E421E49D1E00D53F5A /* XQIPAddress.h */,
			);
			path = XQIPAddress;
			sourceTree = "<group>";
		};
		A4DBB8E521E49D1E00D53F5A /* XQPredicate */ = {
			isa = PBXGroup;
			children = (
				A4DBB8E621E49D1E00D53F5A /* XQPredicate.h */,
				A4DBB8E721E49D1E00D53F5A /* XQPredicate.m */,
			);
			path = XQPredicate;
			sourceTree = "<group>";
		};
		A4DBB8E821E49D1E00D53F5A /* XQlocalAut */ = {
			isa = PBXGroup;
			children = (
				A4DBB8E921E49D1E00D53F5A /* XQLocalAut.h */,
				A4DBB8EA21E49D1E00D53F5A /* XQLocalAut.m */,
			);
			path = XQlocalAut;
			sourceTree = "<group>";
		};
		A4DBB8EB21E49D1E00D53F5A /* MacTool */ = {
			isa = PBXGroup;
			children = (
				A4DBB8EC21E49D1E00D53F5A /* XQOpenPanel.h */,
				A4DBB8ED21E49D1E00D53F5A /* XQAlertSystem.h */,
				A4DBB8EE21E49D1E00D53F5A /* XQUD.h */,
				A4DBB8EF21E49D1E00D53F5A /* NSView+Common.h */,
				A4DBB8F021E49D1E00D53F5A /* XQOpenPanel.m */,
				A4DBB8F121E49D1E00D53F5A /* XQUD.m */,
				A4DBB8F221E49D1E00D53F5A /* XQAlertSystem.m */,
				A4DBB8F321E49D1E00D53F5A /* NSView+Common.m */,
			);
			path = MacTool;
			sourceTree = "<group>";
		};
		AE2101AE77FD96FE89A49768 /* Frameworks */ = {
			isa = PBXGroup;
			children = (
				9FBD3B981A3B077B4CA42DDB /* libPods-XQProjectToolTests.a */,
				502B2E902B7EA3A08F97D222 /* libPods-XQProjectToolUITests.a */,
				E27E9247189B89183582694E /* Pods_XQProjectTool.framework */,
			);
			name = Frameworks;
			sourceTree = "<group>";
		};
		B39AB4A9D1E198175C553DE0 /* Pods */ = {
			isa = PBXGroup;
			children = (
				9EAC0534F1CD0B6644D73F19 /* Pods-XQProjectTool.debug.xcconfig */,
				B3494BA459B4473D41D67908 /* Pods-XQProjectTool.release.xcconfig */,
			);
			name = Pods;
			sourceTree = "<group>";
		};
/* End PBXGroup section */

/* Begin PBXNativeTarget section */
		1ABDE97D2071BE0900638A16 /* XQProjectTool */ = {
			isa = PBXNativeTarget;
			buildConfigurationList = 1ABDE9AA2071BE0B00638A16 /* Build configuration list for PBXNativeTarget "XQProjectTool" */;
			buildPhases = (
				0A9AAAB83E641D9A8AA18A7B /* [CP] Check Pods Manifest.lock */,
				1ABDE97A2071BE0900638A16 /* Sources */,
				1ABDE97B2071BE0900638A16 /* Frameworks */,
				1ABDE97C2071BE0900638A16 /* Resources */,
				BB1DD025DDFFB3A538958C39 /* [CP] Embed Pods Frameworks */,
			);
			buildRules = (
			);
			dependencies = (
			);
			name = XQProjectTool;
			productName = XQProjectTool;
			productReference = 1ABDE97E2071BE0900638A16 /* XQProjectTool.app */;
			productType = "com.apple.product-type.application";
		};
		1ABDE9952071BE0A00638A16 /* XQProjectToolTests */ = {
			isa = PBXNativeTarget;
			buildConfigurationList = 1ABDE9AD2071BE0B00638A16 /* Build configuration list for PBXNativeTarget "XQProjectToolTests" */;
			buildPhases = (
				1ABDE9922071BE0A00638A16 /* Sources */,
				1ABDE9932071BE0A00638A16 /* Frameworks */,
				1ABDE9942071BE0A00638A16 /* Resources */,
			);
			buildRules = (
			);
			dependencies = (
				1ABDE9982071BE0A00638A16 /* PBXTargetDependency */,
			);
			name = XQProjectToolTests;
			productName = XQProjectToolTests;
			productReference = 1ABDE9962071BE0A00638A16 /* XQProjectToolTests.xctest */;
			productType = "com.apple.product-type.bundle.unit-test";
		};
		1ABDE9A02071BE0A00638A16 /* XQProjectToolUITests */ = {
			isa = PBXNativeTarget;
			buildConfigurationList = 1ABDE9B02071BE0B00638A16 /* Build configuration list for PBXNativeTarget "XQProjectToolUITests" */;
			buildPhases = (
				1ABDE99D2071BE0A00638A16 /* Sources */,
				1ABDE99E2071BE0A00638A16 /* Frameworks */,
				1ABDE99F2071BE0A00638A16 /* Resources */,
			);
			buildRules = (
			);
			dependencies = (
				1ABDE9A32071BE0A00638A16 /* PBXTargetDependency */,
			);
			name = XQProjectToolUITests;
			productName = XQProjectToolUITests;
			productReference = 1ABDE9A12071BE0A00638A16 /* XQProjectToolUITests.xctest */;
			productType = "com.apple.product-type.bundle.ui-testing";
		};
/* End PBXNativeTarget section */

/* Begin PBXProject section */
		1ABDE9762071BE0900638A16 /* Project object */ = {
			isa = PBXProject;
			attributes = {
				LastUpgradeCheck = 0930;
				ORGANIZATIONNAME = SyKing;
				TargetAttributes = {
					1ABDE97D2071BE0900638A16 = {
						CreatedOnToolsVersion = 9.2;
						ProvisioningStyle = Automatic;
					};
					1ABDE9952071BE0A00638A16 = {
						CreatedOnToolsVersion = 9.2;
						ProvisioningStyle = Automatic;
						TestTargetID = 1ABDE97D2071BE0900638A16;
					};
					1ABDE9A02071BE0A00638A16 = {
						CreatedOnToolsVersion = 9.2;
						ProvisioningStyle = Automatic;
						TestTargetID = 1ABDE97D2071BE0900638A16;
					};
				};
			};
			buildConfigurationList = 1ABDE9792071BE0900638A16 /* Build configuration list for PBXProject "XQProjectTool" */;
			compatibilityVersion = "Xcode 8.0";
			developmentRegion = en;
			hasScannedForEncodings = 0;
			knownRegions = (
				en,
				Base,
			);
			mainGroup = 1ABDE9752071BE0900638A16;
			productRefGroup = 1ABDE97F2071BE0900638A16 /* Products */;
			projectDirPath = "";
			projectRoot = "";
			targets = (
				1ABDE97D2071BE0900638A16 /* XQProjectTool */,
				1ABDE9952071BE0A00638A16 /* XQProjectToolTests */,
				1ABDE9A02071BE0A00638A16 /* XQProjectToolUITests */,
			);
		};
/* End PBXProject section */

/* Begin PBXResourcesBuildPhase section */
		1ABDE97C2071BE0900638A16 /* Resources */ = {
			isa = PBXResourcesBuildPhase;
			buildActionMask = 2147483647;
			files = (
				1ABDE98E2071BE0A00638A16 /* LaunchScreen.storyboard in Resources */,
				1AD68F6A20C68075001949D1 /* 1.jpg in Resources */,
				1ABDE98B2071BE0A00638A16 /* Assets.xcassets in Resources */,
				1ABDE9892071BE0A00638A16 /* Main.storyboard in Resources */,
				A4DBB90321E49D1E00D53F5A /* XQCustomSheetAlertViewCell.xib in Resources */,
				A4DBB90521E49D1E00D53F5A /* XQCustomAlertView.xib in Resources */,
			);
			runOnlyForDeploymentPostprocessing = 0;
		};
		1ABDE9942071BE0A00638A16 /* Resources */ = {
			isa = PBXResourcesBuildPhase;
			buildActionMask = 2147483647;
			files = (
			);
			runOnlyForDeploymentPostprocessing = 0;
		};
		1ABDE99F2071BE0A00638A16 /* Resources */ = {
			isa = PBXResourcesBuildPhase;
			buildActionMask = 2147483647;
			files = (
			);
			runOnlyForDeploymentPostprocessing = 0;
		};
/* End PBXResourcesBuildPhase section */

/* Begin PBXShellScriptBuildPhase section */
		0A9AAAB83E641D9A8AA18A7B /* [CP] Check Pods Manifest.lock */ = {
			isa = PBXShellScriptBuildPhase;
			buildActionMask = 2147483647;
			files = (
			);
			inputPaths = (
				"${PODS_PODFILE_DIR_PATH}/Podfile.lock",
				"${PODS_ROOT}/Manifest.lock",
			);
			name = "[CP] Check Pods Manifest.lock";
			outputPaths = (
				"$(DERIVED_FILE_DIR)/Pods-XQProjectTool-checkManifestLockResult.txt",
			);
			runOnlyForDeploymentPostprocessing = 0;
			shellPath = /bin/sh;
			shellScript = "diff \"${PODS_PODFILE_DIR_PATH}/Podfile.lock\" \"${PODS_ROOT}/Manifest.lock\" > /dev/null\nif [ $? != 0 ] ; then\n    # print error to STDERR\n    echo \"error: The sandbox is not in sync with the Podfile.lock. Run 'pod install' or update your CocoaPods installation.\" >&2\n    exit 1\nfi\n# This output is used by Xcode 'outputs' to avoid re-running this script phase.\necho \"SUCCESS\" > \"${SCRIPT_OUTPUT_FILE_0}\"\n";
			showEnvVarsInLog = 0;
		};
		BB1DD025DDFFB3A538958C39 /* [CP] Embed Pods Frameworks */ = {
			isa = PBXShellScriptBuildPhase;
			buildActionMask = 2147483647;
			files = (
			);
			inputPaths = (
				"${PODS_ROOT}/Target Support Files/Pods-XQProjectTool/Pods-XQProjectTool-frameworks.sh",
				"${BUILT_PRODUCTS_DIR}/Masonry/Masonry.framework",
			);
			name = "[CP] Embed Pods Frameworks";
			outputPaths = (
				"${TARGET_BUILD_DIR}/${FRAMEWORKS_FOLDER_PATH}/Masonry.framework",
			);
			runOnlyForDeploymentPostprocessing = 0;
			shellPath = /bin/sh;
			shellScript = "\"${PODS_ROOT}/Target Support Files/Pods-XQProjectTool/Pods-XQProjectTool-frameworks.sh\"\n";
			showEnvVarsInLog = 0;
		};
/* End PBXShellScriptBuildPhase section */

/* Begin PBXSourcesBuildPhase section */
		1ABDE97A2071BE0900638A16 /* Sources */ = {
			isa = PBXSourcesBuildPhase;
			buildActionMask = 2147483647;
			files = (
				A4DBB90121E49D1E00D53F5A /* XQCustomAlertView.m in Sources */,
				A4DBB92121E49D1E00D53F5A /* XQIPAddress.m in Sources */,
				A4DBB8F821E49D1E00D53F5A /* UIImage+Corner.m in Sources */,
				A4DBB91821E49D1E00D53F5A /* UIView+XQResponse.m in Sources */,
				A4DBB92621E49D1E00D53F5A /* XQAlertSystem.m in Sources */,
				A4DBB92321E49D1E00D53F5A /* XQLocalAut.m in Sources */,
				A4DBB8F621E49D1E00D53F5A /* UIImage+SubImage.m in Sources */,
				A4DBB92521E49D1E00D53F5A /* XQUD.m in Sources */,
				A4DBB91621E49D1E00D53F5A /* NSArray+XQFilter.m in Sources */,
				A4DBB91321E49D1E00D53F5A /* CAShapeLayer+Common.m in Sources */,
				A4DBB8F421E49D1E00D53F5A /* UITextField+Keyboard.m in Sources */,
				A4DBB91121E49D1E00D53F5A /* XQIOSDeviceType.m in Sources */,
				A4DBB91E21E49D1E00D53F5A /* NSObject+XQExchangeIMP.m in Sources */,
				A4DBB90B21E49D1E00D53F5A /* XQSystemAlert.m in Sources */,
				A4DBB91A21E49D1E00D53F5A /* NSString+XQHTMLFilter.m in Sources */,
				A4DBB91F21E49D1E00D53F5A /* XQPlayerMusic.m in Sources */,
				A4DBB92021E49D1E00D53F5A /* XQKeychain.m in Sources */,
				A4DBB90021E49D1E00D53F5A /* XQCustomSheetAlertView.m in Sources */,
				A4DBB8F521E49D1E00D53F5A /* UILabel+XQAtt.m in Sources */,
				A4DBB92421E49D1E00D53F5A /* XQOpenPanel.m in Sources */,
				A4DBB8FF21E49D1E00D53F5A /* XQInputPasswordView.m in Sources */,
				A4DBB91221E49D1E00D53F5A /* CATextLayer+Common.m in Sources */,
				A4DBB92221E49D1E00D53F5A /* XQPredicate.m in Sources */,
				1ABDE9862071BE0A00638A16 /* ViewController.m in Sources */,
				A4DBB91D21E49D1E00D53F5A /* NSObject+XQArchiverData.m in Sources */,
				A4DBB8FC21E49D1E00D53F5A /* UIView+ColorProgress.m in Sources */,
				A4DBB91721E49D1E00D53F5A /* UIButton+XQResponse.m in Sources */,
				A4DBB91921E49D1E00D53F5A /* NSString+HexadecimalConversion.m in Sources */,
				A4DBB8FE21E49D1E00D53F5A /* XQSpreadView.m in Sources */,
				A4DBB91421E49D1E00D53F5A /* NSDictionary+Str.m in Sources */,
				A4DBB90821E49D1E00D53F5A /* XQSuspensionView.m in Sources */,
				1ABDE9912071BE0A00638A16 /* main.m in Sources */,
				A4DBB90F21E49D1E00D53F5A /* XQGetAppInfo.m in Sources */,
				A4DBB8FB21E49D1E00D53F5A /* UIImage+CreateQRCode.m in Sources */,
				A4DBB90D21E49D1E00D53F5A /* XQSpeech.m in Sources */,
				A4DBB90921E49D1E00D53F5A /* XQSuspensionViewTool.m in Sources */,
				A4DBB90C21E49D1E00D53F5A /* XQSpeechSynthesizer.m in Sources */,
				A4DBB91C21E49D1E00D53F5A /* NSObject+XQViewOC.m in Sources */,
				A4DBB90621E49D1E00D53F5A /* XQCustomSheetAlertFooterView.m in Sources */,
				A4DBB91021E49D1E00D53F5A /* XQPermissionJudge.m in Sources */,
				A4DBB91B21E49D1E00D53F5A /* NSNotificationCenter+XQBase.m in Sources */,
				A4DBB92721E49D1E00D53F5A /* NSView+Common.m in Sources */,
				A4DBB90421E49D1E00D53F5A /* XQCustomSheetAlertTopView.m in Sources */,
				1ABDE9832071BE0900638A16 /* AppDelegate.m in Sources */,
				A4DBB90221E49D1E00D53F5A /* XQCustomSheetAlertViewCell.m in Sources */,
				A4DBB8FA21E49D1E00D53F5A /* UIImage+Color.m in Sources */,
				A4DBB8FD21E49D1E00D53F5A /* UIView+XQLine.m in Sources */,
				A4DBB90A21E49D1E00D53F5A /* XQSystemCameraManager.m in Sources */,
				A4DBB91521E49D1E00D53F5A /* NSDictionary+XQJson.m in Sources */,
				A4DBB90E21E49D1E00D53F5A /* XQIOSDevice.m in Sources */,
				A4DBB8F721E49D1E00D53F5A /* UIImage+Gif.m in Sources */,
				A4DBB8F921E49D1E00D53F5A /* UIImage+Rotate.m in Sources */,
				A4DBB90721E49D1E00D53F5A /* UINavigationBar+ChangeBackColor.m in Sources */,
			);
			runOnlyForDeploymentPostprocessing = 0;
		};
		1ABDE9922071BE0A00638A16 /* Sources */ = {
			isa = PBXSourcesBuildPhase;
			buildActionMask = 2147483647;
			files = (
				1ABDE99B2071BE0A00638A16 /* XQProjectToolTests.m in Sources */,
			);
			runOnlyForDeploymentPostprocessing = 0;
		};
		1ABDE99D2071BE0A00638A16 /* Sources */ = {
			isa = PBXSourcesBuildPhase;
			buildActionMask = 2147483647;
			files = (
				1ABDE9A62071BE0A00638A16 /* XQProjectToolUITests.m in Sources */,
			);
			runOnlyForDeploymentPostprocessing = 0;
		};
/* End PBXSourcesBuildPhase section */

/* Begin PBXTargetDependency section */
		1ABDE9982071BE0A00638A16 /* PBXTargetDependency */ = {
			isa = PBXTargetDependency;
			target = 1ABDE97D2071BE0900638A16 /* XQProjectTool */;
			targetProxy = 1ABDE9972071BE0A00638A16 /* PBXContainerItemProxy */;
		};
		1ABDE9A32071BE0A00638A16 /* PBXTargetDependency */ = {
			isa = PBXTargetDependency;
			target = 1ABDE97D2071BE0900638A16 /* XQProjectTool */;
			targetProxy = 1ABDE9A22071BE0A00638A16 /* PBXContainerItemProxy */;
		};
/* End PBXTargetDependency section */

/* Begin PBXVariantGroup section */
		1ABDE9872071BE0A00638A16 /* Main.storyboard */ = {
			isa = PBXVariantGroup;
			children = (
				1ABDE9882071BE0A00638A16 /* Base */,
			);
			name = Main.storyboard;
			sourceTree = "<group>";
		};
		1ABDE98C2071BE0A00638A16 /* LaunchScreen.storyboard */ = {
			isa = PBXVariantGroup;
			children = (
				1ABDE98D2071BE0A00638A16 /* Base */,
			);
			name = LaunchScreen.storyboard;
			sourceTree = "<group>";
		};
/* End PBXVariantGroup section */

/* Begin XCBuildConfiguration section */
		1ABDE9A82071BE0B00638A16 /* Debug */ = {
			isa = XCBuildConfiguration;
			buildSettings = {
				ALWAYS_SEARCH_USER_PATHS = NO;
				CLANG_ANALYZER_NONNULL = YES;
				CLANG_ANALYZER_NUMBER_OBJECT_CONVERSION = YES_AGGRESSIVE;
				CLANG_CXX_LANGUAGE_STANDARD = "gnu++14";
				CLANG_CXX_LIBRARY = "libc++";
				CLANG_ENABLE_MODULES = YES;
				CLANG_ENABLE_OBJC_ARC = YES;
				CLANG_WARN_BLOCK_CAPTURE_AUTORELEASING = YES;
				CLANG_WARN_BOOL_CONVERSION = YES;
				CLANG_WARN_COMMA = YES;
				CLANG_WARN_CONSTANT_CONVERSION = YES;
				CLANG_WARN_DEPRECATED_OBJC_IMPLEMENTATIONS = YES;
				CLANG_WARN_DIRECT_OBJC_ISA_USAGE = YES_ERROR;
				CLANG_WARN_DOCUMENTATION_COMMENTS = YES;
				CLANG_WARN_EMPTY_BODY = YES;
				CLANG_WARN_ENUM_CONVERSION = YES;
				CLANG_WARN_INFINITE_RECURSION = YES;
				CLANG_WARN_INT_CONVERSION = YES;
				CLANG_WARN_NON_LITERAL_NULL_CONVERSION = YES;
				CLANG_WARN_OBJC_IMPLICIT_RETAIN_SELF = YES;
				CLANG_WARN_OBJC_LITERAL_CONVERSION = YES;
				CLANG_WARN_OBJC_ROOT_CLASS = YES_ERROR;
				CLANG_WARN_RANGE_LOOP_ANALYSIS = YES;
				CLANG_WARN_STRICT_PROTOTYPES = YES;
				CLANG_WARN_SUSPICIOUS_MOVE = YES;
				CLANG_WARN_UNGUARDED_AVAILABILITY = YES_AGGRESSIVE;
				CLANG_WARN_UNREACHABLE_CODE = YES;
				CLANG_WARN__DUPLICATE_METHOD_MATCH = YES;
				CODE_SIGN_IDENTITY = "iPhone Developer";
				COPY_PHASE_STRIP = NO;
				DEBUG_INFORMATION_FORMAT = dwarf;
				ENABLE_STRICT_OBJC_MSGSEND = YES;
				ENABLE_TESTABILITY = YES;
				GCC_C_LANGUAGE_STANDARD = gnu11;
				GCC_DYNAMIC_NO_PIC = NO;
				GCC_NO_COMMON_BLOCKS = YES;
				GCC_OPTIMIZATION_LEVEL = 0;
				GCC_PREPROCESSOR_DEFINITIONS = (
					"DEBUG=1",
					"$(inherited)",
				);
				GCC_WARN_64_TO_32_BIT_CONVERSION = YES;
				GCC_WARN_ABOUT_RETURN_TYPE = YES_ERROR;
				GCC_WARN_UNDECLARED_SELECTOR = YES;
				GCC_WARN_UNINITIALIZED_AUTOS = YES_AGGRESSIVE;
				GCC_WARN_UNUSED_FUNCTION = YES;
				GCC_WARN_UNUSED_VARIABLE = YES;
				IPHONEOS_DEPLOYMENT_TARGET = 9.3;
				MTL_ENABLE_DEBUG_INFO = YES;
				ONLY_ACTIVE_ARCH = YES;
				SDKROOT = iphoneos;
			};
			name = Debug;
		};
		1ABDE9A92071BE0B00638A16 /* Release */ = {
			isa = XCBuildConfiguration;
			buildSettings = {
				ALWAYS_SEARCH_USER_PATHS = NO;
				CLANG_ANALYZER_NONNULL = YES;
				CLANG_ANALYZER_NUMBER_OBJECT_CONVERSION = YES_AGGRESSIVE;
				CLANG_CXX_LANGUAGE_STANDARD = "gnu++14";
				CLANG_CXX_LIBRARY = "libc++";
				CLANG_ENABLE_MODULES = YES;
				CLANG_ENABLE_OBJC_ARC = YES;
				CLANG_WARN_BLOCK_CAPTURE_AUTORELEASING = YES;
				CLANG_WARN_BOOL_CONVERSION = YES;
				CLANG_WARN_COMMA = YES;
				CLANG_WARN_CONSTANT_CONVERSION = YES;
				CLANG_WARN_DEPRECATED_OBJC_IMPLEMENTATIONS = YES;
				CLANG_WARN_DIRECT_OBJC_ISA_USAGE = YES_ERROR;
				CLANG_WARN_DOCUMENTATION_COMMENTS = YES;
				CLANG_WARN_EMPTY_BODY = YES;
				CLANG_WARN_ENUM_CONVERSION = YES;
				CLANG_WARN_INFINITE_RECURSION = YES;
				CLANG_WARN_INT_CONVERSION = YES;
				CLANG_WARN_NON_LITERAL_NULL_CONVERSION = YES;
				CLANG_WARN_OBJC_IMPLICIT_RETAIN_SELF = YES;
				CLANG_WARN_OBJC_LITERAL_CONVERSION = YES;
				CLANG_WARN_OBJC_ROOT_CLASS = YES_ERROR;
				CLANG_WARN_RANGE_LOOP_ANALYSIS = YES;
				CLANG_WARN_STRICT_PROTOTYPES = YES;
				CLANG_WARN_SUSPICIOUS_MOVE = YES;
				CLANG_WARN_UNGUARDED_AVAILABILITY = YES_AGGRESSIVE;
				CLANG_WARN_UNREACHABLE_CODE = YES;
				CLANG_WARN__DUPLICATE_METHOD_MATCH = YES;
				CODE_SIGN_IDENTITY = "iPhone Developer";
				COPY_PHASE_STRIP = NO;
				DEBUG_INFORMATION_FORMAT = "dwarf-with-dsym";
				ENABLE_NS_ASSERTIONS = NO;
				ENABLE_STRICT_OBJC_MSGSEND = YES;
				GCC_C_LANGUAGE_STANDARD = gnu11;
				GCC_NO_COMMON_BLOCKS = YES;
				GCC_WARN_64_TO_32_BIT_CONVERSION = YES;
				GCC_WARN_ABOUT_RETURN_TYPE = YES_ERROR;
				GCC_WARN_UNDECLARED_SELECTOR = YES;
				GCC_WARN_UNINITIALIZED_AUTOS = YES_AGGRESSIVE;
				GCC_WARN_UNUSED_FUNCTION = YES;
				GCC_WARN_UNUSED_VARIABLE = YES;
				IPHONEOS_DEPLOYMENT_TARGET = 9.3;
				MTL_ENABLE_DEBUG_INFO = NO;
				SDKROOT = iphoneos;
				VALIDATE_PRODUCT = YES;
			};
			name = Release;
		};
		1ABDE9AB2071BE0B00638A16 /* Debug */ = {
			isa = XCBuildConfiguration;
			baseConfigurationReference = 9EAC0534F1CD0B6644D73F19 /* Pods-XQProjectTool.debug.xcconfig */;
			buildSettings = {
				ASSETCATALOG_COMPILER_APPICON_NAME = AppIcon;
				CODE_SIGN_STYLE = Automatic;
				DEVELOPMENT_TEAM = M7RWURRZ69;
				INFOPLIST_FILE = XQProjectTool/Info.plist;
				IPHONEOS_DEPLOYMENT_TARGET = 9.3;
				LD_RUNPATH_SEARCH_PATHS = "$(inherited) @executable_path/Frameworks";
				PRODUCT_BUNDLE_IDENTIFIER = com.BlueMedia.ConfidenceCat.XQProjectTool;
				PRODUCT_NAME = "$(TARGET_NAME)";
				RUN_CLANG_STATIC_ANALYZER = YES;
				SKIP_INSTALL = YES;
				TARGETED_DEVICE_FAMILY = "1,2";
			};
			name = Debug;
		};
		1ABDE9AC2071BE0B00638A16 /* Release */ = {
			isa = XCBuildConfiguration;
			baseConfigurationReference = B3494BA459B4473D41D67908 /* Pods-XQProjectTool.release.xcconfig */;
			buildSettings = {
				ASSETCATALOG_COMPILER_APPICON_NAME = AppIcon;
				CODE_SIGN_STYLE = Automatic;
				DEVELOPMENT_TEAM = M7RWURRZ69;
				INFOPLIST_FILE = XQProjectTool/Info.plist;
				IPHONEOS_DEPLOYMENT_TARGET = 9.3;
				LD_RUNPATH_SEARCH_PATHS = "$(inherited) @executable_path/Frameworks";
				PRODUCT_BUNDLE_IDENTIFIER = com.BlueMedia.ConfidenceCat.XQProjectTool;
				PRODUCT_NAME = "$(TARGET_NAME)";
				SKIP_INSTALL = YES;
				TARGETED_DEVICE_FAMILY = "1,2";
			};
			name = Release;
		};
		1ABDE9AE2071BE0B00638A16 /* Debug */ = {
			isa = XCBuildConfiguration;
			buildSettings = {
				BUNDLE_LOADER = "$(TEST_HOST)";
				CODE_SIGN_STYLE = Automatic;
				DEVELOPMENT_TEAM = HYE5WA8QEX;
				INFOPLIST_FILE = XQProjectToolTests/Info.plist;
				LD_RUNPATH_SEARCH_PATHS = "$(inherited) @executable_path/Frameworks @loader_path/Frameworks";
				PRODUCT_BUNDLE_IDENTIFIER = com.BlueMedia.ConfidenceCat.XQProjectToolTests;
				PRODUCT_NAME = "$(TARGET_NAME)";
				TARGETED_DEVICE_FAMILY = "1,2";
				TEST_HOST = "$(BUILT_PRODUCTS_DIR)/XQProjectTool.app/XQProjectTool";
			};
			name = Debug;
		};
		1ABDE9AF2071BE0B00638A16 /* Release */ = {
			isa = XCBuildConfiguration;
			buildSettings = {
				BUNDLE_LOADER = "$(TEST_HOST)";
				CODE_SIGN_STYLE = Automatic;
				DEVELOPMENT_TEAM = HYE5WA8QEX;
				INFOPLIST_FILE = XQProjectToolTests/Info.plist;
				LD_RUNPATH_SEARCH_PATHS = "$(inherited) @executable_path/Frameworks @loader_path/Frameworks";
				PRODUCT_BUNDLE_IDENTIFIER = com.BlueMedia.ConfidenceCat.XQProjectToolTests;
				PRODUCT_NAME = "$(TARGET_NAME)";
				TARGETED_DEVICE_FAMILY = "1,2";
				TEST_HOST = "$(BUILT_PRODUCTS_DIR)/XQProjectTool.app/XQProjectTool";
			};
			name = Release;
		};
		1ABDE9B12071BE0B00638A16 /* Debug */ = {
			isa = XCBuildConfiguration;
			buildSettings = {
				CODE_SIGN_STYLE = Automatic;
				DEVELOPMENT_TEAM = HYE5WA8QEX;
				INFOPLIST_FILE = XQProjectToolUITests/Info.plist;
				LD_RUNPATH_SEARCH_PATHS = "$(inherited) @executable_path/Frameworks @loader_path/Frameworks";
				PRODUCT_BUNDLE_IDENTIFIER = com.BlueMedia.ConfidenceCat.XQProjectToolUITests;
				PRODUCT_NAME = "$(TARGET_NAME)";
				TARGETED_DEVICE_FAMILY = "1,2";
				TEST_TARGET_NAME = XQProjectTool;
			};
			name = Debug;
		};
		1ABDE9B22071BE0B00638A16 /* Release */ = {
			isa = XCBuildConfiguration;
			buildSettings = {
				CODE_SIGN_STYLE = Automatic;
				DEVELOPMENT_TEAM = HYE5WA8QEX;
				INFOPLIST_FILE = XQProjectToolUITests/Info.plist;
				LD_RUNPATH_SEARCH_PATHS = "$(inherited) @executable_path/Frameworks @loader_path/Frameworks";
				PRODUCT_BUNDLE_IDENTIFIER = com.BlueMedia.ConfidenceCat.XQProjectToolUITests;
				PRODUCT_NAME = "$(TARGET_NAME)";
				TARGETED_DEVICE_FAMILY = "1,2";
				TEST_TARGET_NAME = XQProjectTool;
			};
			name = Release;
		};
/* End XCBuildConfiguration section */

/* Begin XCConfigurationList section */
		1ABDE9792071BE0900638A16 /* Build configuration list for PBXProject "XQProjectTool" */ = {
			isa = XCConfigurationList;
			buildConfigurations = (
				1ABDE9A82071BE0B00638A16 /* Debug */,
				1ABDE9A92071BE0B00638A16 /* Release */,
			);
			defaultConfigurationIsVisible = 0;
			defaultConfigurationName = Release;
		};
		1ABDE9AA2071BE0B00638A16 /* Build configuration list for PBXNativeTarget "XQProjectTool" */ = {
			isa = XCConfigurationList;
			buildConfigurations = (
				1ABDE9AB2071BE0B00638A16 /* Debug */,
				1ABDE9AC2071BE0B00638A16 /* Release */,
			);
			defaultConfigurationIsVisible = 0;
			defaultConfigurationName = Release;
		};
		1ABDE9AD2071BE0B00638A16 /* Build configuration list for PBXNativeTarget "XQProjectToolTests" */ = {
			isa = XCConfigurationList;
			buildConfigurations = (
				1ABDE9AE2071BE0B00638A16 /* Debug */,
				1ABDE9AF2071BE0B00638A16 /* Release */,
			);
			defaultConfigurationIsVisible = 0;
			defaultConfigurationName = Release;
		};
		1ABDE9B02071BE0B00638A16 /* Build configuration list for PBXNativeTarget "XQProjectToolUITests" */ = {
			isa = XCConfigurationList;
			buildConfigurations = (
				1ABDE9B12071BE0B00638A16 /* Debug */,
				1ABDE9B22071BE0B00638A16 /* Release */,
			);
			defaultConfigurationIsVisible = 0;
			defaultConfigurationName = Release;
		};
/* End XCConfigurationList section */
	};
	rootObject = 1ABDE9762071BE0900638A16 /* Project object */;
}
